
Microsoft Visual Studio Solution File, Format Version 12.00
# Visual Studio Version 17
VisualStudioVersion = 17.0.31912.275
MinimumVisualStudioVersion = 10.0.40219.1
Project("{FAE04EC0-301F-11D3-BF4B-00C04F79EFBC}") = "GTFuckingXP", "GTFuckingXP\GTFuckingXP.csproj", "{FA920AEA-0989-4FA4-A890-C0B72E0CDEC5}"
EndProject
Project("{FAE04EC0-301F-11D3-BF4B-00C04F79EFBC}") = "XpDevTool", "XpDevTool\XpDevTool.csproj", "{0CAB7061-141C-453D-995C-DE130937E7B3}"
EndProject
Global
	GlobalSection(SolutionConfigurationPlatforms) = preSolution
		Debug|Any CPU = Debug|Any CPU
		Release|Any CPU = Release|Any CPU
	EndGlobalSection
	GlobalSection(ProjectConfigurationPlatforms) = postSolution
		{FA920AEA-0989-4FA4-A890-C0B72E0CDEC5}.Debug|Any CPU.ActiveCfg = Debug|Any CPU
		{FA920AEA-0989-4FA4-A890-C0B72E0CDEC5}.Debug|Any CPU.Build.0 = Debug|Any CPU
		{FA920AEA-0989-4FA4-A890-C0B72E0CDEC5}.Release|Any CPU.ActiveCfg = Release|Any CPU
		{FA920AEA-0989-4FA4-A890-C0B72E0CDEC5}.Release|Any CPU.Build.0 = Release|Any CPU
		{0CAB7061-141C-453D-995C-DE130937E7B3}.Debug|Any CPU.ActiveCfg = Debug|Any CPU
		{0CAB7061-141C-453D-995C-DE130937E7B3}.Debug|Any CPU.Build.0 = Debug|Any CPU
		{0CAB7061-141C-453D-995C-DE130937E7B3}.Release|Any CPU.ActiveCfg = Release|Any CPU
		{0CAB7061-141C-453D-995C-DE130937E7B3}.Release|Any CPU.Build.0 = Release|Any CPU
	EndGlobalSection
	GlobalSection(SolutionProperties) = preSolution
		HideSolutionNode = FALSE
	EndGlobalSection
	GlobalSection(ExtensibilityGlobals) = postSolution
		SolutionGuid = {50A020CA-7ECA-4CEC-97C3-1D1FED33D8A5}
	EndGlobalSection
EndGlobal
